// !$*UTF8*$!
{
	archiveVersion = 1;
	classes = {
	};
	objectVersion = 50;
	objects = {

/* Begin PBXBuildFile section */
		110374D42536E4E200392992 /* LoginPageViewController.swift in Sources */ = {isa = PBXBuildFile; fileRef = 110374D22536E4E100392992 /* LoginPageViewController.swift */; };
		110374D52536E4E200392992 /* LoginPageViewController.xib in Resources */ = {isa = PBXBuildFile; fileRef = 110374D32536E4E100392992 /* LoginPageViewController.xib */; };
		110374D82536E8C200392992 /* StartPageViewController.swift in Sources */ = {isa = PBXBuildFile; fileRef = 110374D72536E8C200392992 /* StartPageViewController.swift */; };
		11205F322539E4F6005847B6 /* CustomButtonTest.swift in Sources */ = {isa = PBXBuildFile; fileRef = 11205F312539E4F6005847B6 /* CustomButtonTest.swift */; };
		11216F452533660700C297A4 /* LogViewController.swift in Sources */ = {isa = PBXBuildFile; fileRef = 11216F442533660700C297A4 /* LogViewController.swift */; };
		11216F482533664100C297A4 /* SignViewController.swift in Sources */ = {isa = PBXBuildFile; fileRef = 11216F472533664100C297A4 /* SignViewController.swift */; };
		11401DF52537151100B87183 /* SignUpPageViewController.swift in Sources */ = {isa = PBXBuildFile; fileRef = 11401DF32537151100B87183 /* SignUpPageViewController.swift */; };
		11401DF62537151100B87183 /* SignUpPageViewController.xib in Resources */ = {isa = PBXBuildFile; fileRef = 11401DF42537151100B87183 /* SignUpPageViewController.xib */; };
		1151C24F25336B1C00183E00 /* GreetingViewController.swift in Sources */ = {isa = PBXBuildFile; fileRef = 1151C24E25336B1C00183E00 /* GreetingViewController.swift */; };
		117918C62534D068009115D9 /* ProfileViewController.swift in Sources */ = {isa = PBXBuildFile; fileRef = 117918C42534D068009115D9 /* ProfileViewController.swift */; };
		117918C72534D068009115D9 /* ProfileViewController.xib in Resources */ = {isa = PBXBuildFile; fileRef = 117918C52534D068009115D9 /* ProfileViewController.xib */; };
		11A8481C2538C72D001394C3 /* CustomViewController.swift in Sources */ = {isa = PBXBuildFile; fileRef = 11A8481B2538C72D001394C3 /* CustomViewController.swift */; };
		11B13E1F25387B34002AEDB5 /* WelcomePageViewController.swift in Sources */ = {isa = PBXBuildFile; fileRef = 11B13E1D25387B34002AEDB5 /* WelcomePageViewController.swift */; };
		11B13E2025387B34002AEDB5 /* WelcomePageViewController.xib in Resources */ = {isa = PBXBuildFile; fileRef = 11B13E1E25387B34002AEDB5 /* WelcomePageViewController.xib */; };
		11DDCBC8253C0A1A00609C73 /* PersonalViewController.swift in Sources */ = {isa = PBXBuildFile; fileRef = 11DDCBC7253C0A1A00609C73 /* PersonalViewController.swift */; };
		11DDCBCB253C0AEF00609C73 /* PersonalTextField.swift in Sources */ = {isa = PBXBuildFile; fileRef = 11DDCBCA253C0AEF00609C73 /* PersonalTextField.swift */; };
		11DDCBCF253C606E00609C73 /* PersonalGreetingLabel.swift in Sources */ = {isa = PBXBuildFile; fileRef = 11DDCBCE253C606E00609C73 /* PersonalGreetingLabel.swift */; };
		11DDCBD3253C649100609C73 /* PersonalDescriptionLabel.swift in Sources */ = {isa = PBXBuildFile; fileRef = 11DDCBD2253C649100609C73 /* PersonalDescriptionLabel.swift */; };
		11DDCBD7253C6A4300609C73 /* PersonalButton.swift in Sources */ = {isa = PBXBuildFile; fileRef = 11DDCBD6253C6A4300609C73 /* PersonalButton.swift */; };
		11DF8C07252DA7EE002D2946 /* AppDelegate.swift in Sources */ = {isa = PBXBuildFile; fileRef = 11DF8C06252DA7EE002D2946 /* AppDelegate.swift */; };
		11DF8C09252DA7EE002D2946 /* SceneDelegate.swift in Sources */ = {isa = PBXBuildFile; fileRef = 11DF8C08252DA7EE002D2946 /* SceneDelegate.swift */; };
		11DF8C0B252DA7EE002D2946 /* ViewController.swift in Sources */ = {isa = PBXBuildFile; fileRef = 11DF8C0A252DA7EE002D2946 /* ViewController.swift */; };
		11DF8C0E252DA7EE002D2946 /* Main.storyboard in Resources */ = {isa = PBXBuildFile; fileRef = 11DF8C0C252DA7EE002D2946 /* Main.storyboard */; };
		11DF8C10252DA7F2002D2946 /* Assets.xcassets in Resources */ = {isa = PBXBuildFile; fileRef = 11DF8C0F252DA7F2002D2946 /* Assets.xcassets */; };
		11DF8C13252DA7F2002D2946 /* LaunchScreen.storyboard in Resources */ = {isa = PBXBuildFile; fileRef = 11DF8C11252DA7F2002D2946 /* LaunchScreen.storyboard */; };
/* End PBXBuildFile section */

/* Begin PBXFileReference section */
		110374D22536E4E100392992 /* LoginPageViewController.swift */ = {isa = PBXFileReference; lastKnownFileType = sourcecode.swift; path = LoginPageViewController.swift; sourceTree = "<group>"; };
		110374D32536E4E100392992 /* LoginPageViewController.xib */ = {isa = PBXFileReference; lastKnownFileType = file.xib; path = LoginPageViewController.xib; sourceTree = "<group>"; };
		110374D72536E8C200392992 /* StartPageViewController.swift */ = {isa = PBXFileReference; lastKnownFileType = sourcecode.swift; path = StartPageViewController.swift; sourceTree = "<group>"; };
		11205F312539E4F6005847B6 /* CustomButtonTest.swift */ = {isa = PBXFileReference; lastKnownFileType = sourcecode.swift; path = CustomButtonTest.swift; sourceTree = "<group>"; };
		11216F442533660700C297A4 /* LogViewController.swift */ = {isa = PBXFileReference; lastKnownFileType = sourcecode.swift; path = LogViewController.swift; sourceTree = "<group>"; };
		11216F472533664100C297A4 /* SignViewController.swift */ = {isa = PBXFileReference; lastKnownFileType = sourcecode.swift; path = SignViewController.swift; sourceTree = "<group>"; };
		11401DF32537151100B87183 /* SignUpPageViewController.swift */ = {isa = PBXFileReference; lastKnownFileType = sourcecode.swift; path = SignUpPageViewController.swift; sourceTree = "<group>"; };
		11401DF42537151100B87183 /* SignUpPageViewController.xib */ = {isa = PBXFileReference; lastKnownFileType = file.xib; path = SignUpPageViewController.xib; sourceTree = "<group>"; };
		1151C24E25336B1C00183E00 /* GreetingViewController.swift */ = {isa = PBXFileReference; lastKnownFileType = sourcecode.swift; path = GreetingViewController.swift; sourceTree = "<group>"; };
		117918C42534D068009115D9 /* ProfileViewController.swift */ = {isa = PBXFileReference; lastKnownFileType = sourcecode.swift; path = ProfileViewController.swift; sourceTree = "<group>"; };
		117918C52534D068009115D9 /* ProfileViewController.xib */ = {isa = PBXFileReference; lastKnownFileType = file.xib; path = ProfileViewController.xib; sourceTree = "<group>"; };
		11A8481B2538C72D001394C3 /* CustomViewController.swift */ = {isa = PBXFileReference; lastKnownFileType = sourcecode.swift; path = CustomViewController.swift; sourceTree = "<group>"; };
		11B13E1D25387B34002AEDB5 /* WelcomePageViewController.swift */ = {isa = PBXFileReference; lastKnownFileType = sourcecode.swift; path = WelcomePageViewController.swift; sourceTree = "<group>"; };
		11B13E1E25387B34002AEDB5 /* WelcomePageViewController.xib */ = {isa = PBXFileReference; lastKnownFileType = file.xib; path = WelcomePageViewController.xib; sourceTree = "<group>"; };
		11DDCBC7253C0A1A00609C73 /* PersonalViewController.swift */ = {isa = PBXFileReference; lastKnownFileType = sourcecode.swift; path = PersonalViewController.swift; sourceTree = "<group>"; };
		11DDCBCA253C0AEF00609C73 /* PersonalTextField.swift */ = {isa = PBXFileReference; lastKnownFileType = sourcecode.swift; path = PersonalTextField.swift; sourceTree = "<group>"; };
		11DDCBCE253C606E00609C73 /* PersonalGreetingLabel.swift */ = {isa = PBXFileReference; lastKnownFileType = sourcecode.swift; path = PersonalGreetingLabel.swift; sourceTree = "<group>"; };
		11DDCBD2253C649100609C73 /* PersonalDescriptionLabel.swift */ = {isa = PBXFileReference; lastKnownFileType = sourcecode.swift; path = PersonalDescriptionLabel.swift; sourceTree = "<group>"; };
		11DDCBD6253C6A4300609C73 /* PersonalButton.swift */ = {isa = PBXFileReference; lastKnownFileType = sourcecode.swift; path = PersonalButton.swift; sourceTree = "<group>"; };
		11DF8C03252DA7EE002D2946 /* TestApp.app */ = {isa = PBXFileReference; explicitFileType = wrapper.application; includeInIndex = 0; path = TestApp.app; sourceTree = BUILT_PRODUCTS_DIR; };
		11DF8C06252DA7EE002D2946 /* AppDelegate.swift */ = {isa = PBXFileReference; lastKnownFileType = sourcecode.swift; path = AppDelegate.swift; sourceTree = "<group>"; };
		11DF8C08252DA7EE002D2946 /* SceneDelegate.swift */ = {isa = PBXFileReference; lastKnownFileType = sourcecode.swift; path = SceneDelegate.swift; sourceTree = "<group>"; };
		11DF8C0A252DA7EE002D2946 /* ViewController.swift */ = {isa = PBXFileReference; lastKnownFileType = sourcecode.swift; path = ViewController.swift; sourceTree = "<group>"; };
		11DF8C0D252DA7EE002D2946 /* Base */ = {isa = PBXFileReference; lastKnownFileType = file.storyboard; name = Base; path = Base.lproj/Main.storyboard; sourceTree = "<group>"; };
		11DF8C0F252DA7F2002D2946 /* Assets.xcassets */ = {isa = PBXFileReference; lastKnownFileType = folder.assetcatalog; path = Assets.xcassets; sourceTree = "<group>"; };
		11DF8C12252DA7F2002D2946 /* Base */ = {isa = PBXFileReference; lastKnownFileType = file.storyboard; name = Base; path = Base.lproj/LaunchScreen.storyboard; sourceTree = "<group>"; };
		11DF8C14252DA7F2002D2946 /* Info.plist */ = {isa = PBXFileReference; lastKnownFileType = text.plist.xml; path = Info.plist; sourceTree = "<group>"; };
/* End PBXFileReference section */

/* Begin PBXFrameworksBuildPhase section */
		11DF8C00252DA7EE002D2946 /* Frameworks */ = {
			isa = PBXFrameworksBuildPhase;
			buildActionMask = 2147483647;
			files = (
			);
			runOnlyForDeploymentPostprocessing = 0;
		};
/* End PBXFrameworksBuildPhase section */

/* Begin PBXGroup section */
		11A848162538A88D001394C3 /* HW Xib (11) */ = {
			isa = PBXGroup;
			children = (
				110374D72536E8C200392992 /* StartPageViewController.swift */,
				110374D22536E4E100392992 /* LoginPageViewController.swift */,
				110374D32536E4E100392992 /* LoginPageViewController.xib */,
				11401DF32537151100B87183 /* SignUpPageViewController.swift */,
				11401DF42537151100B87183 /* SignUpPageViewController.xib */,
				11B13E1D25387B34002AEDB5 /* WelcomePageViewController.swift */,
				11B13E1E25387B34002AEDB5 /* WelcomePageViewController.xib */,
			);
			path = "HW Xib (11)";
			sourceTree = "<group>";
		};
		11A848182538A8CF001394C3 /* HW Stryboards (10) */ = {
			isa = PBXGroup;
			children = (
				11216F442533660700C297A4 /* LogViewController.swift */,
				117918C42534D068009115D9 /* ProfileViewController.swift */,
				117918C52534D068009115D9 /* ProfileViewController.xib */,
				11216F472533664100C297A4 /* SignViewController.swift */,
				1151C24E25336B1C00183E00 /* GreetingViewController.swift */,
			);
			path = "HW Stryboards (10)";
			sourceTree = "<group>";
		};
		11D7B4CE2539FCF900A5582F /* HW View Controller (12)  */ = {
			isa = PBXGroup;
			children = (
			);
			path = "HW View Controller (12) ";
			sourceTree = "<group>";
		};
		11D7B4DE253B62E600A5582F /* Archive */ = {
			isa = PBXGroup;
			children = (
				11205F312539E4F6005847B6 /* CustomButtonTest.swift */,
			);
			path = Archive;
			sourceTree = "<group>";
		};
		11DF8BFA252DA7EE002D2946 = {
			isa = PBXGroup;
			children = (
				11D7B4DE253B62E600A5582F /* Archive */,
				11A848182538A8CF001394C3 /* HW Stryboards (10) */,
				11A848162538A88D001394C3 /* HW Xib (11) */,
				11D7B4CE2539FCF900A5582F /* HW View Controller (12)  */,
				11DF8C05252DA7EE002D2946 /* TestApp */,
				11DF8C04252DA7EE002D2946 /* Products */,
			);
			sourceTree = "<group>";
		};
		11DF8C04252DA7EE002D2946 /* Products */ = {
			isa = PBXGroup;
			children = (
				11DF8C03252DA7EE002D2946 /* TestApp.app */,
			);
			name = Products;
			sourceTree = "<group>";
		};
		11DF8C05252DA7EE002D2946 /* TestApp */ = {
			isa = PBXGroup;
			children = (
				11DF8C06252DA7EE002D2946 /* AppDelegate.swift */,
				11DF8C08252DA7EE002D2946 /* SceneDelegate.swift */,
				11DF8C0A252DA7EE002D2946 /* ViewController.swift */,
				11A8481B2538C72D001394C3 /* CustomViewController.swift */,
				11DF8C0F252DA7F2002D2946 /* Assets.xcassets */,
				11DF8C0C252DA7EE002D2946 /* Main.storyboard */,
				11DF8C11252DA7F2002D2946 /* LaunchScreen.storyboard */,
				11DF8C14252DA7F2002D2946 /* Info.plist */,
				11DDCBCE253C606E00609C73 /* PersonalGreetingLabel.swift */,
				11DDCBD2253C649100609C73 /* PersonalDescriptionLabel.swift */,
				11DDCBCA253C0AEF00609C73 /* PersonalTextField.swift */,
				11DDCBD6253C6A4300609C73 /* PersonalButton.swift */,
				11DDCBC7253C0A1A00609C73 /* PersonalViewController.swift */,
			);
			path = TestApp;
			sourceTree = "<group>";
		};
/* End PBXGroup section */

/* Begin PBXNativeTarget section */
		11DF8C02252DA7EE002D2946 /* TestApp */ = {
			isa = PBXNativeTarget;
			buildConfigurationList = 11DF8C17252DA7F2002D2946 /* Build configuration list for PBXNativeTarget "TestApp" */;
			buildPhases = (
				11DF8BFF252DA7EE002D2946 /* Sources */,
				11DF8C00252DA7EE002D2946 /* Frameworks */,
				11DF8C01252DA7EE002D2946 /* Resources */,
			);
			buildRules = (
			);
			dependencies = (
			);
			name = TestApp;
			productName = TestApp;
			productReference = 11DF8C03252DA7EE002D2946 /* TestApp.app */;
			productType = "com.apple.product-type.application";
		};
/* End PBXNativeTarget section */

/* Begin PBXProject section */
		11DF8BFB252DA7EE002D2946 /* Project object */ = {
			isa = PBXProject;
			attributes = {
				LastSwiftUpdateCheck = 1200;
				LastUpgradeCheck = 1200;
				TargetAttributes = {
					11DF8C02252DA7EE002D2946 = {
						CreatedOnToolsVersion = 12.0.1;
					};
				};
			};
			buildConfigurationList = 11DF8BFE252DA7EE002D2946 /* Build configuration list for PBXProject "TestApp" */;
			compatibilityVersion = "Xcode 9.3";
			developmentRegion = en;
			hasScannedForEncodings = 0;
			knownRegions = (
				en,
				Base,
			);
			mainGroup = 11DF8BFA252DA7EE002D2946;
			productRefGroup = 11DF8C04252DA7EE002D2946 /* Products */;
			projectDirPath = "";
			projectRoot = "";
			targets = (
				11DF8C02252DA7EE002D2946 /* TestApp */,
			);
		};
/* End PBXProject section */

/* Begin PBXResourcesBuildPhase section */
		11DF8C01252DA7EE002D2946 /* Resources */ = {
			isa = PBXResourcesBuildPhase;
			buildActionMask = 2147483647;
			files = (
				11DF8C13252DA7F2002D2946 /* LaunchScreen.storyboard in Resources */,
				11DF8C10252DA7F2002D2946 /* Assets.xcassets in Resources */,
				11B13E2025387B34002AEDB5 /* WelcomePageViewController.xib in Resources */,
				117918C72534D068009115D9 /* ProfileViewController.xib in Resources */,
				11DF8C0E252DA7EE002D2946 /* Main.storyboard in Resources */,
				110374D52536E4E200392992 /* LoginPageViewController.xib in Resources */,
				11401DF62537151100B87183 /* SignUpPageViewController.xib in Resources */,
			);
			runOnlyForDeploymentPostprocessing = 0;
		};
/* End PBXResourcesBuildPhase section */

/* Begin PBXSourcesBuildPhase section */
		11DF8BFF252DA7EE002D2946 /* Sources */ = {
			isa = PBXSourcesBuildPhase;
			buildActionMask = 2147483647;
			files = (
				11205F322539E4F6005847B6 /* CustomButtonTest.swift in Sources */,
				110374D82536E8C200392992 /* StartPageViewController.swift in Sources */,
				11DF8C0B252DA7EE002D2946 /* ViewController.swift in Sources */,
				1151C24F25336B1C00183E00 /* GreetingViewController.swift in Sources */,
				11DDCBD3253C649100609C73 /* PersonalDescriptionLabel.swift in Sources */,
				11A8481C2538C72D001394C3 /* CustomViewController.swift in Sources */,
				11DF8C07252DA7EE002D2946 /* AppDelegate.swift in Sources */,
				11DDCBC8253C0A1A00609C73 /* PersonalViewController.swift in Sources */,
				110374D42536E4E200392992 /* LoginPageViewController.swift in Sources */,
				11216F482533664100C297A4 /* SignViewController.swift in Sources */,
				117918C62534D068009115D9 /* ProfileViewController.swift in Sources */,
				11DDCBCF253C606E00609C73 /* PersonalGreetingLabel.swift in Sources */,
				11DF8C09252DA7EE002D2946 /* SceneDelegate.swift in Sources */,
				11DDCBD7253C6A4300609C73 /* PersonalButton.swift in Sources */,
				11401DF52537151100B87183 /* SignUpPageViewController.swift in Sources */,
				11B13E1F25387B34002AEDB5 /* WelcomePageViewController.swift in Sources */,
				11DDCBCB253C0AEF00609C73 /* PersonalTextField.swift in Sources */,
				11216F452533660700C297A4 /* LogViewController.swift in Sources */,
			);
			runOnlyForDeploymentPostprocessing = 0;
		};
/* End PBXSourcesBuildPhase section */

/* Begin PBXVariantGroup section */
		11DF8C0C252DA7EE002D2946 /* Main.storyboard */ = {
			isa = PBXVariantGroup;
			children = (
				11DF8C0D252DA7EE002D2946 /* Base */,
			);
			name = Main.storyboard;
			sourceTree = "<group>";
		};
		11DF8C11252DA7F2002D2946 /* LaunchScreen.storyboard */ = {
			isa = PBXVariantGroup;
			children = (
				11DF8C12252DA7F2002D2946 /* Base */,
			);
			name = LaunchScreen.storyboard;
			sourceTree = "<group>";
		};
/* End PBXVariantGroup section */

/* Begin XCBuildConfiguration section */
		11DF8C15252DA7F2002D2946 /* Debug */ = {
			isa = XCBuildConfiguration;
			buildSettings = {
				ALWAYS_SEARCH_USER_PATHS = NO;
				CLANG_ANALYZER_NONNULL = YES;
				CLANG_ANALYZER_NUMBER_OBJECT_CONVERSION = YES_AGGRESSIVE;
				CLANG_CXX_LANGUAGE_STANDARD = "gnu++14";
				CLANG_CXX_LIBRARY = "libc++";
				CLANG_ENABLE_MODULES = YES;
				CLANG_ENABLE_OBJC_ARC = YES;
				CLANG_ENABLE_OBJC_WEAK = YES;
				CLANG_WARN_BLOCK_CAPTURE_AUTORELEASING = YES;
				CLANG_WARN_BOOL_CONVERSION = YES;
				CLANG_WARN_COMMA = YES;
				CLANG_WARN_CONSTANT_CONVERSION = YES;
				CLANG_WARN_DEPRECATED_OBJC_IMPLEMENTATIONS = YES;
				CLANG_WARN_DIRECT_OBJC_ISA_USAGE = YES_ERROR;
				CLANG_WARN_DOCUMENTATION_COMMENTS = YES;
				CLANG_WARN_EMPTY_BODY = YES;
				CLANG_WARN_ENUM_CONVERSION = YES;
				CLANG_WARN_INFINITE_RECURSION = YES;
				CLANG_WARN_INT_CONVERSION = YES;
				CLANG_WARN_NON_LITERAL_NULL_CONVERSION = YES;
				CLANG_WARN_OBJC_IMPLICIT_RETAIN_SELF = YES;
				CLANG_WARN_OBJC_LITERAL_CONVERSION = YES;
				CLANG_WARN_OBJC_ROOT_CLASS = YES_ERROR;
				CLANG_WARN_QUOTED_INCLUDE_IN_FRAMEWORK_HEADER = YES;
				CLANG_WARN_RANGE_LOOP_ANALYSIS = YES;
				CLANG_WARN_STRICT_PROTOTYPES = YES;
				CLANG_WARN_SUSPICIOUS_MOVE = YES;
				CLANG_WARN_UNGUARDED_AVAILABILITY = YES_AGGRESSIVE;
				CLANG_WARN_UNREACHABLE_CODE = YES;
				CLANG_WARN__DUPLICATE_METHOD_MATCH = YES;
				COPY_PHASE_STRIP = NO;
				DEBUG_INFORMATION_FORMAT = dwarf;
				ENABLE_STRICT_OBJC_MSGSEND = YES;
				ENABLE_TESTABILITY = YES;
				GCC_C_LANGUAGE_STANDARD = gnu11;
				GCC_DYNAMIC_NO_PIC = NO;
				GCC_NO_COMMON_BLOCKS = YES;
				GCC_OPTIMIZATION_LEVEL = 0;
				GCC_PREPROCESSOR_DEFINITIONS = (
					"DEBUG=1",
					"$(inherited)",
				);
				GCC_WARN_64_TO_32_BIT_CONVERSION = YES;
				GCC_WARN_ABOUT_RETURN_TYPE = YES_ERROR;
				GCC_WARN_UNDECLARED_SELECTOR = YES;
				GCC_WARN_UNINITIALIZED_AUTOS = YES_AGGRESSIVE;
				GCC_WARN_UNUSED_FUNCTION = YES;
				GCC_WARN_UNUSED_VARIABLE = YES;
				IPHONEOS_DEPLOYMENT_TARGET = 14.0;
				MTL_ENABLE_DEBUG_INFO = INCLUDE_SOURCE;
				MTL_FAST_MATH = YES;
				ONLY_ACTIVE_ARCH = YES;
				SDKROOT = iphoneos;
				SWIFT_ACTIVE_COMPILATION_CONDITIONS = DEBUG;
				SWIFT_OPTIMIZATION_LEVEL = "-Onone";
			};
			name = Debug;
		};
		11DF8C16252DA7F2002D2946 /* Release */ = {
			isa = XCBuildConfiguration;
			buildSettings = {
				ALWAYS_SEARCH_USER_PATHS = NO;
				CLANG_ANALYZER_NONNULL = YES;
				CLANG_ANALYZER_NUMBER_OBJECT_CONVERSION = YES_AGGRESSIVE;
				CLANG_CXX_LANGUAGE_STANDARD = "gnu++14";
				CLANG_CXX_LIBRARY = "libc++";
				CLANG_ENABLE_MODULES = YES;
				CLANG_ENABLE_OBJC_ARC = YES;
				CLANG_ENABLE_OBJC_WEAK = YES;
				CLANG_WARN_BLOCK_CAPTURE_AUTORELEASING = YES;
				CLANG_WARN_BOOL_CONVERSION = YES;
				CLANG_WARN_COMMA = YES;
				CLANG_WARN_CONSTANT_CONVERSION = YES;
				CLANG_WARN_DEPRECATED_OBJC_IMPLEMENTATIONS = YES;
				CLANG_WARN_DIRECT_OBJC_ISA_USAGE = YES_ERROR;
				CLANG_WARN_DOCUMENTATION_COMMENTS = YES;
				CLANG_WARN_EMPTY_BODY = YES;
				CLANG_WARN_ENUM_CONVERSION = YES;
				CLANG_WARN_INFINITE_RECURSION = YES;
				CLANG_WARN_INT_CONVERSION = YES;
				CLANG_WARN_NON_LITERAL_NULL_CONVERSION = YES;
				CLANG_WARN_OBJC_IMPLICIT_RETAIN_SELF = YES;
				CLANG_WARN_OBJC_LITERAL_CONVERSION = YES;
				CLANG_WARN_OBJC_ROOT_CLASS = YES_ERROR;
				CLANG_WARN_QUOTED_INCLUDE_IN_FRAMEWORK_HEADER = YES;
				CLANG_WARN_RANGE_LOOP_ANALYSIS = YES;
				CLANG_WARN_STRICT_PROTOTYPES = YES;
				CLANG_WARN_SUSPICIOUS_MOVE = YES;
				CLANG_WARN_UNGUARDED_AVAILABILITY = YES_AGGRESSIVE;
				CLANG_WARN_UNREACHABLE_CODE = YES;
				CLANG_WARN__DUPLICATE_METHOD_MATCH = YES;
				COPY_PHASE_STRIP = NO;
				DEBUG_INFORMATION_FORMAT = "dwarf-with-dsym";
				ENABLE_NS_ASSERTIONS = NO;
				ENABLE_STRICT_OBJC_MSGSEND = YES;
				GCC_C_LANGUAGE_STANDARD = gnu11;
				GCC_NO_COMMON_BLOCKS = YES;
				GCC_WARN_64_TO_32_BIT_CONVERSION = YES;
				GCC_WARN_ABOUT_RETURN_TYPE = YES_ERROR;
				GCC_WARN_UNDECLARED_SELECTOR = YES;
				GCC_WARN_UNINITIALIZED_AUTOS = YES_AGGRESSIVE;
				GCC_WARN_UNUSED_FUNCTION = YES;
				GCC_WARN_UNUSED_VARIABLE = YES;
				IPHONEOS_DEPLOYMENT_TARGET = 14.0;
				MTL_ENABLE_DEBUG_INFO = NO;
				MTL_FAST_MATH = YES;
				SDKROOT = iphoneos;
				SWIFT_COMPILATION_MODE = wholemodule;
				SWIFT_OPTIMIZATION_LEVEL = "-O";
				VALIDATE_PRODUCT = YES;
			};
			name = Release;
		};
		11DF8C18252DA7F2002D2946 /* Debug */ = {
			isa = XCBuildConfiguration;
			buildSettings = {
				ASSETCATALOG_COMPILER_APPICON_NAME = AppIcon;
				ASSETCATALOG_COMPILER_GLOBAL_ACCENT_COLOR_NAME = AccentColor;
				CODE_SIGN_STYLE = Automatic;
				DEVELOPMENT_TEAM = 7DH4AL3XKU;
				INFOPLIST_FILE = TestApp/Info.plist;
				LD_RUNPATH_SEARCH_PATHS = (
					"$(inherited)",
					"@executable_path/Frameworks",
				);
				PRODUCT_BUNDLE_IDENTIFIER = "Sasha-Kapchuk.TestApp";
				PRODUCT_NAME = "$(TARGET_NAME)";
				SWIFT_VERSION = 5.0;
				TARGETED_DEVICE_FAMILY = "1,2";
			};
			name = Debug;
		};
		11DF8C19252DA7F2002D2946 /* Release */ = {
			isa = XCBuildConfiguration;
			buildSettings = {
				ASSETCATALOG_COMPILER_APPICON_NAME = AppIcon;
				ASSETCATALOG_COMPILER_GLOBAL_ACCENT_COLOR_NAME = AccentColor;
				CODE_SIGN_STYLE = Automatic;
				DEVELOPMENT_TEAM = 7DH4AL3XKU;
				INFOPLIST_FILE = TestApp/Info.plist;
				LD_RUNPATH_SEARCH_PATHS = (
					"$(inherited)",
					"@executable_path/Frameworks",
				);
				PRODUCT_BUNDLE_IDENTIFIER = "Sasha-Kapchuk.TestApp";
				PRODUCT_NAME = "$(TARGET_NAME)";
				SWIFT_VERSION = 5.0;
				TARGETED_DEVICE_FAMILY = "1,2";
			};
			name = Release;
		};
/* End XCBuildConfiguration section */

/* Begin XCConfigurationList section */
		11DF8BFE252DA7EE002D2946 /* Build configuration list for PBXProject "TestApp" */ = {
			isa = XCConfigurationList;
			buildConfigurations = (
				11DF8C15252DA7F2002D2946 /* Debug */,
				11DF8C16252DA7F2002D2946 /* Release */,
			);
			defaultConfigurationIsVisible = 0;
			defaultConfigurationName = Release;
		};
		11DF8C17252DA7F2002D2946 /* Build configuration list for PBXNativeTarget "TestApp" */ = {
			isa = XCConfigurationList;
			buildConfigurations = (
				11DF8C18252DA7F2002D2946 /* Debug */,
				11DF8C19252DA7F2002D2946 /* Release */,
			);
			defaultConfigurationIsVisible = 0;
			defaultConfigurationName = Release;
		};
/* End XCConfigurationList section */
	};
	rootObject = 11DF8BFB252DA7EE002D2946 /* Project object */;
}
